
Microsoft Visual Studio Solution File, Format Version 12.00
# Visual Studio Version 17
VisualStudioVersion = 17.0.32112.339
MinimumVisualStudioVersion = 10.0.40219.1
Project("{9A19103F-16F7-4668-BE54-9A1E7A4F7556}") = "Arena", "Arena\Arena.csproj", "{5610747D-0C74-47FB-A0DB-ACAF65C97C4F}"
EndProject
Project("{9A19103F-16F7-4668-BE54-9A1E7A4F7556}") = "ArenaVisualizer", "ArenaVisualizer\ArenaVisualizer.csproj", "{C11F09C3-0C80-4164-AC8F-2C45629D8F46}"
EndProject
Project("{9A19103F-16F7-4668-BE54-9A1E7A4F7556}") = "DongUtility", "DongUtility\DongUtility.csproj", "{EB1B65EB-042F-4DD2-B488-220721FD0AEA}"
EndProject
Project("{9A19103F-16F7-4668-BE54-9A1E7A4F7556}") = "Geometry", "Geometry\Geometry.csproj", "{B54DB81E-C3C0-4EBF-9B9E-F9819CE6B1C3}"
EndProject
Project("{9A19103F-16F7-4668-BE54-9A1E7A4F7556}") = "GraphControl", "GraphControl\GraphControl.csproj", "{C381D101-54B0-467F-8595-7513D69D6C93}"
EndProject
Project("{9A19103F-16F7-4668-BE54-9A1E7A4F7556}") = "GraphData", "GraphData\GraphData.csproj", "{96A323F5-2FB4-4D45-AEC9-A624C40C4D8C}"
EndProject
Project("{9A19103F-16F7-4668-BE54-9A1E7A4F7556}") = "HungerGames", "HungerGames\HungerGames.csproj", "{5E5E9346-AF1C-4467-9E55-2A7D836DC3FB}"
EndProject
Project("{9A19103F-16F7-4668-BE54-9A1E7A4F7556}") = "HungerGamesCore", "HungerGamesCore\HungerGamesCore.csproj", "{9497FFA8-06FC-4893-B973-65A7F98B6E67}"
EndProject
Project("{9A19103F-16F7-4668-BE54-9A1E7A4F7556}") = "HungerGamesInterface", "HungerGamesInterface\HungerGamesInterface.csproj", "{51FB3662-80C2-4775-8AB6-3E716C051F09}"
EndProject
Project("{9A19103F-16F7-4668-BE54-9A1E7A4F7556}") = "MotionVisualizer", "MotionVisualizer\MotionVisualizer.csproj", "{0E3B2C95-0803-42A3-B192-E638F056A9DB}"
EndProject
Project("{9A19103F-16F7-4668-BE54-9A1E7A4F7556}") = "VisualizerBaseClasses", "VisualizerBaseClasses\VisualizerBaseClasses.csproj", "{44C7D365-AA79-4616-9977-DCD172B4ED7D}"
EndProject
Project("{9A19103F-16F7-4668-BE54-9A1E7A4F7556}") = "WPFUtility", "WPFUtility\WPFUtility.csproj", "{E9749D45-D025-4E6B-A37E-42129D75C299}"
EndProject
Global
	GlobalSection(SolutionConfigurationPlatforms) = preSolution
		Debug|Any CPU = Debug|Any CPU
		Release|Any CPU = Release|Any CPU
	EndGlobalSection
	GlobalSection(ProjectConfigurationPlatforms) = postSolution
		{5610747D-0C74-47FB-A0DB-ACAF65C97C4F}.Debug|Any CPU.ActiveCfg = Debug|Any CPU
		{5610747D-0C74-47FB-A0DB-ACAF65C97C4F}.Debug|Any CPU.Build.0 = Debug|Any CPU
		{5610747D-0C74-47FB-A0DB-ACAF65C97C4F}.Release|Any CPU.ActiveCfg = Release|Any CPU
		{5610747D-0C74-47FB-A0DB-ACAF65C97C4F}.Release|Any CPU.Build.0 = Release|Any CPU
		{C11F09C3-0C80-4164-AC8F-2C45629D8F46}.Debug|Any CPU.ActiveCfg = Debug|Any CPU
		{C11F09C3-0C80-4164-AC8F-2C45629D8F46}.Debug|Any CPU.Build.0 = Debug|Any CPU
		{C11F09C3-0C80-4164-AC8F-2C45629D8F46}.Release|Any CPU.ActiveCfg = Release|Any CPU
		{C11F09C3-0C80-4164-AC8F-2C45629D8F46}.Release|Any CPU.Build.0 = Release|Any CPU
		{EB1B65EB-042F-4DD2-B488-220721FD0AEA}.Debug|Any CPU.ActiveCfg = Debug|Any CPU
		{EB1B65EB-042F-4DD2-B488-220721FD0AEA}.Debug|Any CPU.Build.0 = Debug|Any CPU
		{EB1B65EB-042F-4DD2-B488-220721FD0AEA}.Release|Any CPU.ActiveCfg = Release|Any CPU
		{EB1B65EB-042F-4DD2-B488-220721FD0AEA}.Release|Any CPU.Build.0 = Release|Any CPU
		{B54DB81E-C3C0-4EBF-9B9E-F9819CE6B1C3}.Debug|Any CPU.ActiveCfg = Debug|Any CPU
		{B54DB81E-C3C0-4EBF-9B9E-F9819CE6B1C3}.Debug|Any CPU.Build.0 = Debug|Any CPU
		{B54DB81E-C3C0-4EBF-9B9E-F9819CE6B1C3}.Release|Any CPU.ActiveCfg = Release|Any CPU
		{B54DB81E-C3C0-4EBF-9B9E-F9819CE6B1C3}.Release|Any CPU.Build.0 = Release|Any CPU
		{C381D101-54B0-467F-8595-7513D69D6C93}.Debug|Any CPU.ActiveCfg = Debug|Any CPU
		{C381D101-54B0-467F-8595-7513D69D6C93}.Debug|Any CPU.Build.0 = Debug|Any CPU
		{C381D101-54B0-467F-8595-7513D69D6C93}.Release|Any CPU.ActiveCfg = Release|Any CPU
		{C381D101-54B0-467F-8595-7513D69D6C93}.Release|Any CPU.Build.0 = Release|Any CPU
		{96A323F5-2FB4-4D45-AEC9-A624C40C4D8C}.Debug|Any CPU.ActiveCfg = Debug|Any CPU
		{96A323F5-2FB4-4D45-AEC9-A624C40C4D8C}.Debug|Any CPU.Build.0 = Debug|Any CPU
		{96A323F5-2FB4-4D45-AEC9-A624C40C4D8C}.Release|Any CPU.ActiveCfg = Release|Any CPU
		{96A323F5-2FB4-4D45-AEC9-A624C40C4D8C}.Release|Any CPU.Build.0 = Release|Any CPU
		{5E5E9346-AF1C-4467-9E55-2A7D836DC3FB}.Debug|Any CPU.ActiveCfg = Debug|Any CPU
		{5E5E9346-AF1C-4467-9E55-2A7D836DC3FB}.Debug|Any CPU.Build.0 = Debug|Any CPU
		{5E5E9346-AF1C-4467-9E55-2A7D836DC3FB}.Release|Any CPU.ActiveCfg = Release|Any CPU
		{5E5E9346-AF1C-4467-9E55-2A7D836DC3FB}.Release|Any CPU.Build.0 = Release|Any CPU
		{9497FFA8-06FC-4893-B973-65A7F98B6E67}.Debug|Any CPU.ActiveCfg = Debug|Any CPU
		{9497FFA8-06FC-4893-B973-65A7F98B6E67}.Debug|Any CPU.Build.0 = Debug|Any CPU
		{9497FFA8-06FC-4893-B973-65A7F98B6E67}.Release|Any CPU.ActiveCfg = Release|Any CPU
		{9497FFA8-06FC-4893-B973-65A7F98B6E67}.Release|Any CPU.Build.0 = Release|Any CPU
		{51FB3662-80C2-4775-8AB6-3E716C051F09}.Debug|Any CPU.ActiveCfg = Debug|Any CPU
		{51FB3662-80C2-4775-8AB6-3E716C051F09}.Debug|Any CPU.Build.0 = Debug|Any CPU
		{51FB3662-80C2-4775-8AB6-3E716C051F09}.Release|Any CPU.ActiveCfg = Release|Any CPU
		{51FB3662-80C2-4775-8AB6-3E716C051F09}.Release|Any CPU.Build.0 = Release|Any CPU
		{0E3B2C95-0803-42A3-B192-E638F056A9DB}.Debug|Any CPU.ActiveCfg = Debug|Any CPU
		{0E3B2C95-0803-42A3-B192-E638F056A9DB}.Debug|Any CPU.Build.0 = Debug|Any CPU
		{0E3B2C95-0803-42A3-B192-E638F056A9DB}.Release|Any CPU.ActiveCfg = Release|Any CPU
		{0E3B2C95-0803-42A3-B192-E638F056A9DB}.Release|Any CPU.Build.0 = Release|Any CPU
		{44C7D365-AA79-4616-9977-DCD172B4ED7D}.Debug|Any CPU.ActiveCfg = Debug|Any CPU
		{44C7D365-AA79-4616-9977-DCD172B4ED7D}.Debug|Any CPU.Build.0 = Debug|Any CPU
		{44C7D365-AA79-4616-9977-DCD172B4ED7D}.Release|Any CPU.ActiveCfg = Release|Any CPU
		{44C7D365-AA79-4616-9977-DCD172B4ED7D}.Release|Any CPU.Build.0 = Release|Any CPU
		{E9749D45-D025-4E6B-A37E-42129D75C299}.Debug|Any CPU.ActiveCfg = Debug|Any CPU
		{E9749D45-D025-4E6B-A37E-42129D75C299}.Debug|Any CPU.Build.0 = Debug|Any CPU
		{E9749D45-D025-4E6B-A37E-42129D75C299}.Release|Any CPU.ActiveCfg = Release|Any CPU
		{E9749D45-D025-4E6B-A37E-42129D75C299}.Release|Any CPU.Build.0 = Release|Any CPU
	EndGlobalSection
	GlobalSection(SolutionProperties) = preSolution
		HideSolutionNode = FALSE
	EndGlobalSection
	GlobalSection(ExtensibilityGlobals) = postSolution
		SolutionGuid = {3B72E19C-A913-4991-B9F3-841D756A517D}
	EndGlobalSection
EndGlobal
